
Microsoft Visual Studio Solution File, Format Version 12.00
# Visual Studio 2012
Project("{FAE04EC0-301F-11D3-BF4B-00C04F79EFBC}") = "PushoverQ", "PushoverQ\PushoverQ.csproj", "{FDD973FB-E499-4207-A834-1BC0289E69DF}"
EndProject
Project("{FAE04EC0-301F-11D3-BF4B-00C04F79EFBC}") = "PushoverQ.Tests", "PushoverQ.Tests\PushoverQ.Tests.csproj", "{27934EC9-8E77-419B-8640-8282B0692FDA}"
EndProject
Project("{2150E333-8FDC-42A3-9474-1A3956D46DE8}") = ".nuget", ".nuget", "{66C9827E-D024-45F1-A653-27657D022783}"
	ProjectSection(SolutionItems) = preProject
		.nuget\NuGet.Config = .nuget\NuGet.Config
		.nuget\NuGet.exe = .nuget\NuGet.exe
		.nuget\NuGet.targets = .nuget\NuGet.targets
	EndProjectSection
EndProject
Project("{FAE04EC0-301F-11D3-BF4B-00C04F79EFBC}") = "PushoverQ.Json", "PushoverQ.Json\PushoverQ.Json.csproj", "{C9098356-3276-4F44-AC62-E069ADD9C6C1}"
EndProject
Global
	GlobalSection(SolutionConfigurationPlatforms) = preSolution
		Debug|Any CPU = Debug|Any CPU
		Release|Any CPU = Release|Any CPU
	EndGlobalSection
	GlobalSection(ProjectConfigurationPlatforms) = postSolution
		{FDD973FB-E499-4207-A834-1BC0289E69DF}.Debug|Any CPU.ActiveCfg = Debug|Any CPU
		{FDD973FB-E499-4207-A834-1BC0289E69DF}.Debug|Any CPU.Build.0 = Debug|Any CPU
		{FDD973FB-E499-4207-A834-1BC0289E69DF}.Release|Any CPU.ActiveCfg = Release|Any CPU
		{FDD973FB-E499-4207-A834-1BC0289E69DF}.Release|Any CPU.Build.0 = Release|Any CPU
		{27934EC9-8E77-419B-8640-8282B0692FDA}.Debug|Any CPU.ActiveCfg = Debug|Any CPU
		{27934EC9-8E77-419B-8640-8282B0692FDA}.Debug|Any CPU.Build.0 = Debug|Any CPU
		{27934EC9-8E77-419B-8640-8282B0692FDA}.Release|Any CPU.ActiveCfg = Release|Any CPU
		{27934EC9-8E77-419B-8640-8282B0692FDA}.Release|Any CPU.Build.0 = Release|Any CPU
		{C9098356-3276-4F44-AC62-E069ADD9C6C1}.Debug|Any CPU.ActiveCfg = Debug|Any CPU
		{C9098356-3276-4F44-AC62-E069ADD9C6C1}.Debug|Any CPU.Build.0 = Debug|Any CPU
		{C9098356-3276-4F44-AC62-E069ADD9C6C1}.Release|Any CPU.ActiveCfg = Release|Any CPU
		{C9098356-3276-4F44-AC62-E069ADD9C6C1}.Release|Any CPU.Build.0 = Release|Any CPU
	EndGlobalSection
	GlobalSection(SolutionProperties) = preSolution
		HideSolutionNode = FALSE
	EndGlobalSection
	GlobalSection(ExtensibilityGlobals) = postSolution
		EnterpriseLibraryConfigurationToolBinariesPath = packages\TransientFaultHandling.Core.5.1.1209.1\lib\NET4
	EndGlobalSection
EndGlobal
